github.com/aerth/playwav v0.0.0-20170324024803-17dfe21a406f/go.mod h1:aTANbm/GXj1ilCRMsIiSpX0i7LUkqjAPj6R0fpWbLNA=
github.com/cocoonlife/goalsa v0.0.0-20160812085113-b711ae6f3eff/go.mod h1:5aLO409bJnd+jCw0t/SB/DhHkVBhPAE31lnHJnYQxy0=
github.com/cryptix/wav v0.0.0-20180415113528-8bdace674401/go.mod h1:knK8fd+KPlGGqSUWogv1DQzGTwnfUvAi0cIoWyOG7+U=
github.com/faiface/beep v0.0.0-20181006150002-186a1b19424c/go.mod h1:A22Xnws4HqzY9DZEtQCbYRbS1858XfgH6SCFUeRiXDI=
github.com/galeone/tfgo v0.0.0-20181025063700-72566a7cc2b5 h1:wiLifZJpS4BYrvTY0ADSVX4HghMaYFHgRFscEpn5FkM=
github.com/galeone/tfgo v0.0.0-20181025063700-72566a7cc2b5/go.mod h1:e7AMH10Hm6vb4d5INAzg0MhHfTZK0Kyfwm3DvDqBWBs=
github.com/gopherjs/gopherjs v0.0.0-20180825215210-0210a2f0f73c/go.mod h1:wJfORRmW1u3UXTncJ5qlYoELFm8eSnnEO6hX4iZ3EWY=
github.com/gopherjs/gopherwasm v1.0.0/go.mod h1:SkZ8z7CWBz5VXbhJel8TxCmAcsQqzgWGR/8nMhyhZSI=
github.com/hajimehoshi/oto v0.2.1/go.mod h1:0ZepxT+2KLDrCm1gdkKBCQCxr+8fgQqoh0I7g+kr040=
github.com/pkg/errors v0.8.0/go.mod h1:bwawxfHBFNV+L2hUp1rHADufV3IMtnDRdf1r5NINEl0=
github.com/tensorflow/tensorflow v1.12.0 h1:fT4okrN4BkpgotWmDwS56wM6BdkRpTL0lLMzvkM+bLo=
github.com/tensorflow/tensorflow v1.12.0/go.mod h1:itOSERT4trABok4UOoG+X4BoKds9F3rIsySdn+Lvu90=
gocv.io/x/gocv v0.17.0 h1:qPHPbSZeFrQEnYR/crxwVCwfoUSPS8Wcn/PGv1Gk/tM=
gocv.io/x/gocv v0.17.0/go.mod h1:3qacsKAMRS0sZmeLySWcbFeVEU3t86igWaQleAgiuBg=
golang.org/x/exp v0.0.0-20180710024300-14dda7b62fcd/go.mod h1:CJ0aWSM057203Lf6IL+f9T1iT9GByDxfZKAQTCR3kQA=
golang.org/x/image v0.0.0-20180708004352-c73c2afc3b81/go.mod h1:ux5Hcp/YLpHSI86hEcLt0YII63i6oz57MZXIpbrjZUs=
golang.org/x/mobile v0.0.0-20180806140643-507816974b79/go.mod h1:z+o9i4GpDbdi3rU15maQ/Ox0txvL9dWGYEHz965HBQE=
golang.org/x/sys v0.0.0-20180806082429-34b17bdb4300/go.mod h1:STP8DvDyc/dI5b8T5hshtkjS+E42TnysNCUPdjciGhY=
